
Microsoft Visual Studio Solution File, Format Version 12.00
# Visual Studio 14
VisualStudioVersion = 14.0.25420.1
MinimumVisualStudioVersion = 10.0.40219.1
Project("{2150E333-8FDC-42A3-9474-1A3956D46DE8}") = "src", "src", "{10DCB164-42A4-435C-BAF5-3A2983930283}"
EndProject
Project("{2150E333-8FDC-42A3-9474-1A3956D46DE8}") = "Solution Items", "Solution Items", "{14DBB961-0BE0-4BD8-9039-AC16528E5327}"
	ProjectSection(SolutionItems) = preProject
		global.json = global.json
	EndProjectSection
EndProject
Project("{8BB2217D-0F2D-49D1-97BC-3654ED321F3B}") = "StopWatches", "src\StopWatches\StopWatches.xproj", "{AA09A5E9-A704-4237-B480-44847E86CA21}"
EndProject
Global
	GlobalSection(SolutionConfigurationPlatforms) = preSolution
		Debug|Any CPU = Debug|Any CPU
		Release|Any CPU = Release|Any CPU
	EndGlobalSection
	GlobalSection(ProjectConfigurationPlatforms) = postSolution
		{AA09A5E9-A704-4237-B480-44847E86CA21}.Debug|Any CPU.ActiveCfg = Debug|Any CPU
		{AA09A5E9-A704-4237-B480-44847E86CA21}.Debug|Any CPU.Build.0 = Debug|Any CPU
		{AA09A5E9-A704-4237-B480-44847E86CA21}.Release|Any CPU.ActiveCfg = Release|Any CPU
		{AA09A5E9-A704-4237-B480-44847E86CA21}.Release|Any CPU.Build.0 = Release|Any CPU
	EndGlobalSection
	GlobalSection(SolutionProperties) = preSolution
		HideSolutionNode = FALSE
	EndGlobalSection
	GlobalSection(NestedProjects) = preSolution
		{AA09A5E9-A704-4237-B480-44847E86CA21} = {10DCB164-42A4-435C-BAF5-3A2983930283}
	EndGlobalSection
EndGlobal
